
Microsoft Visual Studio Solution File, Format Version 12.00
Project("{FAE04EC0-301F-11D3-BF4B-00C04F79EFBC}") = "Program", "Program\Program.csproj", "{B28A7C2B-4168-46CC-B7A6-6FD638F7AB1C}"
EndProject
Project("{FAE04EC0-301F-11D3-BF4B-00C04F79EFBC}") = "Package", "Package\Package.csproj", "{48E342DC-816B-4286-BF05-C458515E2D9C}"
EndProject
Global
	GlobalSection(SolutionConfigurationPlatforms) = preSolution
		Debug|Any CPU = Debug|Any CPU
		Release|Any CPU = Release|Any CPU
	EndGlobalSection
	GlobalSection(ProjectConfigurationPlatforms) = postSolution
		{B28A7C2B-4168-46CC-B7A6-6FD638F7AB1C}.Debug|Any CPU.ActiveCfg = Debug|Any CPU
		{B28A7C2B-4168-46CC-B7A6-6FD638F7AB1C}.Debug|Any CPU.Build.0 = Debug|Any CPU
		{B28A7C2B-4168-46CC-B7A6-6FD638F7AB1C}.Release|Any CPU.ActiveCfg = Release|Any CPU
		{B28A7C2B-4168-46CC-B7A6-6FD638F7AB1C}.Release|Any CPU.Build.0 = Release|Any CPU
		{48E342DC-816B-4286-BF05-C458515E2D9C}.Debug|Any CPU.ActiveCfg = Debug|Any CPU
		{48E342DC-816B-4286-BF05-C458515E2D9C}.Debug|Any CPU.Build.0 = Debug|Any CPU
		{48E342DC-816B-4286-BF05-C458515E2D9C}.Release|Any CPU.ActiveCfg = Release|Any CPU
		{48E342DC-816B-4286-BF05-C458515E2D9C}.Release|Any CPU.Build.0 = Release|Any CPU
	EndGlobalSection
EndGlobal
